
Microsoft Visual Studio Solution File, Format Version 12.00
# Visual Studio 15
VisualStudioVersion = 15.0.28107.0
MinimumVisualStudioVersion = 10.0.40219.1
Project("{FAE04EC0-301F-11D3-BF4B-00C04F79EFBC}") = "Console_Atividade_III", "Console_Atividade_III\Console_Atividade_III.csproj", "{3592A67F-E4AC-4590-8CB3-33877278DC2E}"
EndProject
Global
	GlobalSection(SolutionConfigurationPlatforms) = preSolution
		Debug|Any CPU = Debug|Any CPU
		Release|Any CPU = Release|Any CPU
	EndGlobalSection
	GlobalSection(ProjectConfigurationPlatforms) = postSolution
		{3592A67F-E4AC-4590-8CB3-33877278DC2E}.Debug|Any CPU.ActiveCfg = Debug|Any CPU
		{3592A67F-E4AC-4590-8CB3-33877278DC2E}.Debug|Any CPU.Build.0 = Debug|Any CPU
		{3592A67F-E4AC-4590-8CB3-33877278DC2E}.Release|Any CPU.ActiveCfg = Release|Any CPU
		{3592A67F-E4AC-4590-8CB3-33877278DC2E}.Release|Any CPU.Build.0 = Release|Any CPU
	EndGlobalSection
	GlobalSection(SolutionProperties) = preSolution
		HideSolutionNode = FALSE
	EndGlobalSection
	GlobalSection(ExtensibilityGlobals) = postSolution
		SolutionGuid = {9761AC24-B98C-45C5-A862-6E6E88A23155}
	EndGlobalSection
EndGlobal
